
Microsoft Visual Studio Solution File, Format Version 12.00
# Visual Studio Version 17
VisualStudioVersion = 17.11.35222.181
MinimumVisualStudioVersion = 10.0.40219.1
Project("{FAE04EC0-301F-11D3-BF4B-00C04F79EFBC}") = "AngularTemplateNet8.Server", "AngularTemplateNet8.Server\AngularTemplateNet8.Server.csproj", "{66ED1C9C-A030-4CE2-811F-E6E1556F3D91}"
EndProject
Project("{54A90642-561A-4BB1-A94E-469ADEE60C69}") = "angulartemplatenet8.client", "angulartemplatenet8.client\angulartemplatenet8.client.esproj", "{D0DB6BBA-C4E3-46C2-8FDB-29D21E636F26}"
EndProject
Global
	GlobalSection(SolutionConfigurationPlatforms) = preSolution
		Debug|Any CPU = Debug|Any CPU
		Release|Any CPU = Release|Any CPU
	EndGlobalSection
	GlobalSection(ProjectConfigurationPlatforms) = postSolution
		{66ED1C9C-A030-4CE2-811F-E6E1556F3D91}.Debug|Any CPU.ActiveCfg = Debug|Any CPU
		{66ED1C9C-A030-4CE2-811F-E6E1556F3D91}.Debug|Any CPU.Build.0 = Debug|Any CPU
		{66ED1C9C-A030-4CE2-811F-E6E1556F3D91}.Release|Any CPU.ActiveCfg = Release|Any CPU
		{66ED1C9C-A030-4CE2-811F-E6E1556F3D91}.Release|Any CPU.Build.0 = Release|Any CPU
		{D0DB6BBA-C4E3-46C2-8FDB-29D21E636F26}.Debug|Any CPU.ActiveCfg = Debug|Any CPU
		{D0DB6BBA-C4E3-46C2-8FDB-29D21E636F26}.Debug|Any CPU.Build.0 = Debug|Any CPU
		{D0DB6BBA-C4E3-46C2-8FDB-29D21E636F26}.Debug|Any CPU.Deploy.0 = Debug|Any CPU
		{D0DB6BBA-C4E3-46C2-8FDB-29D21E636F26}.Release|Any CPU.ActiveCfg = Release|Any CPU
		{D0DB6BBA-C4E3-46C2-8FDB-29D21E636F26}.Release|Any CPU.Build.0 = Release|Any CPU
		{D0DB6BBA-C4E3-46C2-8FDB-29D21E636F26}.Release|Any CPU.Deploy.0 = Release|Any CPU
	EndGlobalSection
	GlobalSection(SolutionProperties) = preSolution
		HideSolutionNode = FALSE
	EndGlobalSection
	GlobalSection(ExtensibilityGlobals) = postSolution
		SolutionGuid = {45C73191-B034-4541-BFB5-78AD14269803}
	EndGlobalSection
EndGlobal
